{
  "name": "pico2signalk",
  "version": "0.0.21",
  "lockfileVersion": 3,
  "requires": true,
  "packages": {
    "": {
      "name": "pico2signalk",
      "version": "0.0.21",
      "license": "UNLICENSED",
      "engines": {
        "node": ">=14"
      },
      "bin": {
        "dump-pico-config": "bin/dump-pico-config.js"
      }
    }
  }
}
